// !$*UTF8*$!
{
	archiveVersion = 1;
	classes = {
	};
	objectVersion = 50;
	objects = {

/* Begin PBXBuildFile section */
		81846A4325874EC9006EC3DE /* AppDelegate.swift in Sources */ = {isa = PBXBuildFile; fileRef = 81846A4225874EC9006EC3DE /* AppDelegate.swift */; };
		81846A4525874EC9006EC3DE /* SceneDelegate.swift in Sources */ = {isa = PBXBuildFile; fileRef = 81846A4425874EC9006EC3DE /* SceneDelegate.swift */; };
		81846A4A25874EC9006EC3DE /* Main.storyboard in Resources */ = {isa = PBXBuildFile; fileRef = 81846A4825874EC9006EC3DE /* Main.storyboard */; };
		81846A4C25874ECB006EC3DE /* Assets.xcassets in Resources */ = {isa = PBXBuildFile; fileRef = 81846A4B25874ECB006EC3DE /* Assets.xcassets */; };
		81846A4F25874ECB006EC3DE /* LaunchScreen.storyboard in Resources */ = {isa = PBXBuildFile; fileRef = 81846A4D25874ECB006EC3DE /* LaunchScreen.storyboard */; };
		81846A5A25874ECB006EC3DE /* SampleRedditTests.swift in Sources */ = {isa = PBXBuildFile; fileRef = 81846A5925874ECB006EC3DE /* SampleRedditTests.swift */; };
		81846A6525874ECB006EC3DE /* SampleRedditUITests.swift in Sources */ = {isa = PBXBuildFile; fileRef = 81846A6425874ECB006EC3DE /* SampleRedditUITests.swift */; };
		81846A7A25874F8B006EC3DE /* FeedResponse.swift in Sources */ = {isa = PBXBuildFile; fileRef = 81846A7625874F8B006EC3DE /* FeedResponse.swift */; };
		81846A7B25874F8B006EC3DE /* NetworkClient.swift in Sources */ = {isa = PBXBuildFile; fileRef = 81846A7725874F8B006EC3DE /* NetworkClient.swift */; };
		81846A7C25874F8B006EC3DE /* DataSerializer.swift in Sources */ = {isa = PBXBuildFile; fileRef = 81846A7825874F8B006EC3DE /* DataSerializer.swift */; };
		81846A7D25874F8B006EC3DE /* FeedRequest.swift in Sources */ = {isa = PBXBuildFile; fileRef = 81846A7925874F8B006EC3DE /* FeedRequest.swift */; };
		81846A8325875040006EC3DE /* FeedModel.swift in Sources */ = {isa = PBXBuildFile; fileRef = 81846A8225875040006EC3DE /* FeedModel.swift */; };
		81846A8C2587508D006EC3DE /* TableViewModel.swift in Sources */ = {isa = PBXBuildFile; fileRef = 81846A8B2587508D006EC3DE /* TableViewModel.swift */; };
		81846A97258750DB006EC3DE /* TableViewCell.swift in Sources */ = {isa = PBXBuildFile; fileRef = 81846A94258750DB006EC3DE /* TableViewCell.swift */; };
		81846A98258750DB006EC3DE /* CustomImageView.swift in Sources */ = {isa = PBXBuildFile; fileRef = 81846A95258750DB006EC3DE /* CustomImageView.swift */; };
		81846A99258750DB006EC3DE /* ViewExtension.swift in Sources */ = {isa = PBXBuildFile; fileRef = 81846A96258750DB006EC3DE /* ViewExtension.swift */; };
		81846A9F258751AC006EC3DE /* sampleInputTest.txt in Resources */ = {isa = PBXBuildFile; fileRef = 81846A9D258751AC006EC3DE /* sampleInputTest.txt */; };
		81846AA0258751AC006EC3DE /* MockNetworkClient.swift in Sources */ = {isa = PBXBuildFile; fileRef = 81846A9E258751AC006EC3DE /* MockNetworkClient.swift */; };
		81846AA825875234006EC3DE /* ViewController.swift in Sources */ = {isa = PBXBuildFile; fileRef = 81846AA725875234006EC3DE /* ViewController.swift */; };
/* End PBXBuildFile section */

/* Begin PBXContainerItemProxy section */
		81846A5625874ECB006EC3DE /* PBXContainerItemProxy */ = {
			isa = PBXContainerItemProxy;
			containerPortal = 81846A3725874EC9006EC3DE /* Project object */;
			proxyType = 1;
			remoteGlobalIDString = 81846A3E25874EC9006EC3DE;
			remoteInfo = SampleReddit;
		};
		81846A6125874ECB006EC3DE /* PBXContainerItemProxy */ = {
			isa = PBXContainerItemProxy;
			containerPortal = 81846A3725874EC9006EC3DE /* Project object */;
			proxyType = 1;
			remoteGlobalIDString = 81846A3E25874EC9006EC3DE;
			remoteInfo = SampleReddit;
		};
/* End PBXContainerItemProxy section */

/* Begin PBXFileReference section */
		81846A3F25874EC9006EC3DE /* SampleReddit.app */ = {isa = PBXFileReference; explicitFileType = wrapper.application; includeInIndex = 0; path = SampleReddit.app; sourceTree = BUILT_PRODUCTS_DIR; };
		81846A4225874EC9006EC3DE /* AppDelegate.swift */ = {isa = PBXFileReference; lastKnownFileType = sourcecode.swift; path = AppDelegate.swift; sourceTree = "<group>"; };
		81846A4425874EC9006EC3DE /* SceneDelegate.swift */ = {isa = PBXFileReference; lastKnownFileType = sourcecode.swift; path = SceneDelegate.swift; sourceTree = "<group>"; };
		81846A4925874EC9006EC3DE /* Base */ = {isa = PBXFileReference; lastKnownFileType = file.storyboard; name = Base; path = Base.lproj/Main.storyboard; sourceTree = "<group>"; };
		81846A4B25874ECB006EC3DE /* Assets.xcassets */ = {isa = PBXFileReference; lastKnownFileType = folder.assetcatalog; path = Assets.xcassets; sourceTree = "<group>"; };
		81846A4E25874ECB006EC3DE /* Base */ = {isa = PBXFileReference; lastKnownFileType = file.storyboard; name = Base; path = Base.lproj/LaunchScreen.storyboard; sourceTree = "<group>"; };
		81846A5025874ECB006EC3DE /* Info.plist */ = {isa = PBXFileReference; lastKnownFileType = text.plist.xml; path = Info.plist; sourceTree = "<group>"; };
		81846A5525874ECB006EC3DE /* SampleRedditTests.xctest */ = {isa = PBXFileReference; explicitFileType = wrapper.cfbundle; includeInIndex = 0; path = SampleRedditTests.xctest; sourceTree = BUILT_PRODUCTS_DIR; };
		81846A5925874ECB006EC3DE /* SampleRedditTests.swift */ = {isa = PBXFileReference; lastKnownFileType = sourcecode.swift; path = SampleRedditTests.swift; sourceTree = "<group>"; };
		81846A5B25874ECB006EC3DE /* Info.plist */ = {isa = PBXFileReference; lastKnownFileType = text.plist.xml; path = Info.plist; sourceTree = "<group>"; };
		81846A6025874ECB006EC3DE /* SampleRedditUITests.xctest */ = {isa = PBXFileReference; explicitFileType = wrapper.cfbundle; includeInIndex = 0; path = SampleRedditUITests.xctest; sourceTree = BUILT_PRODUCTS_DIR; };
		81846A6425874ECB006EC3DE /* SampleRedditUITests.swift */ = {isa = PBXFileReference; lastKnownFileType = sourcecode.swift; path = SampleRedditUITests.swift; sourceTree = "<group>"; };
		81846A6625874ECB006EC3DE /* Info.plist */ = {isa = PBXFileReference; lastKnownFileType = text.plist.xml; path = Info.plist; sourceTree = "<group>"; };
		81846A7625874F8B006EC3DE /* FeedResponse.swift */ = {isa = PBXFileReference; fileEncoding = 4; lastKnownFileType = sourcecode.swift; path = FeedResponse.swift; sourceTree = "<group>"; };
		81846A7725874F8B006EC3DE /* NetworkClient.swift */ = {isa = PBXFileReference; fileEncoding = 4; lastKnownFileType = sourcecode.swift; path = NetworkClient.swift; sourceTree = "<group>"; };
		81846A7825874F8B006EC3DE /* DataSerializer.swift */ = {isa = PBXFileReference; fileEncoding = 4; lastKnownFileType = sourcecode.swift; path = DataSerializer.swift; sourceTree = "<group>"; };
		81846A7925874F8B006EC3DE /* FeedRequest.swift */ = {isa = PBXFileReference; fileEncoding = 4; lastKnownFileType = sourcecode.swift; path = FeedRequest.swift; sourceTree = "<group>"; };
		81846A8225875040006EC3DE /* FeedModel.swift */ = {isa = PBXFileReference; lastKnownFileType = sourcecode.swift; path = FeedModel.swift; sourceTree = "<group>"; };
		81846A8B2587508D006EC3DE /* TableViewModel.swift */ = {isa = PBXFileReference; lastKnownFileType = sourcecode.swift; path = TableViewModel.swift; sourceTree = "<group>"; };
		81846A94258750DB006EC3DE /* TableViewCell.swift */ = {isa = PBXFileReference; fileEncoding = 4; lastKnownFileType = sourcecode.swift; path = TableViewCell.swift; sourceTree = "<group>"; };
		81846A95258750DB006EC3DE /* CustomImageView.swift */ = {isa = PBXFileReference; fileEncoding = 4; lastKnownFileType = sourcecode.swift; path = CustomImageView.swift; sourceTree = "<group>"; };
		81846A96258750DB006EC3DE /* ViewExtension.swift */ = {isa = PBXFileReference; fileEncoding = 4; lastKnownFileType = sourcecode.swift; path = ViewExtension.swift; sourceTree = "<group>"; };
		81846A9D258751AC006EC3DE /* sampleInputTest.txt */ = {isa = PBXFileReference; fileEncoding = 4; lastKnownFileType = text; path = sampleInputTest.txt; sourceTree = "<group>"; };
		81846A9E258751AC006EC3DE /* MockNetworkClient.swift */ = {isa = PBXFileReference; fileEncoding = 4; lastKnownFileType = sourcecode.swift; path = MockNetworkClient.swift; sourceTree = "<group>"; };
		81846AA725875234006EC3DE /* ViewController.swift */ = {isa = PBXFileReference; fileEncoding = 4; lastKnownFileType = sourcecode.swift; name = ViewController.swift; path = ../../CodingChallenge/CodingChallenge/ViewController.swift; sourceTree = "<group>"; };
/* End PBXFileReference section */

/* Begin PBXFrameworksBuildPhase section */
		81846A3C25874EC9006EC3DE /* Frameworks */ = {
			isa = PBXFrameworksBuildPhase;
			buildActionMask = 2147483647;
			files = (
			);
			runOnlyForDeploymentPostprocessing = 0;
		};
		81846A5225874ECB006EC3DE /* Frameworks */ = {
			isa = PBXFrameworksBuildPhase;
			buildActionMask = 2147483647;
			files = (
			);
			runOnlyForDeploymentPostprocessing = 0;
		};
		81846A5D25874ECB006EC3DE /* Frameworks */ = {
			isa = PBXFrameworksBuildPhase;
			buildActionMask = 2147483647;
			files = (
			);
			runOnlyForDeploymentPostprocessing = 0;
		};
/* End PBXFrameworksBuildPhase section */

/* Begin PBXGroup section */
		81846A3625874EC9006EC3DE = {
			isa = PBXGroup;
			children = (
				81846A4125874EC9006EC3DE /* SampleReddit */,
				81846A5825874ECB006EC3DE /* SampleRedditTests */,
				81846A6325874ECB006EC3DE /* SampleRedditUITests */,
				81846A4025874EC9006EC3DE /* Products */,
			);
			sourceTree = "<group>";
		};
		81846A4025874EC9006EC3DE /* Products */ = {
			isa = PBXGroup;
			children = (
				81846A3F25874EC9006EC3DE /* SampleReddit.app */,
				81846A5525874ECB006EC3DE /* SampleRedditTests.xctest */,
				81846A6025874ECB006EC3DE /* SampleRedditUITests.xctest */,
			);
			name = Products;
			sourceTree = "<group>";
		};
		81846A4125874EC9006EC3DE /* SampleReddit */ = {
			isa = PBXGroup;
			children = (
				81846A93258750B6006EC3DE /* Views */,
				81846A8A2587505D006EC3DE /* ViewModel */,
				81846A8125875028006EC3DE /* Model */,
				81846A7525874F25006EC3DE /* Networking */,
				81846A4225874EC9006EC3DE /* AppDelegate.swift */,
				81846AA725875234006EC3DE /* ViewController.swift */,
				81846A4425874EC9006EC3DE /* SceneDelegate.swift */,
				81846A4825874EC9006EC3DE /* Main.storyboard */,
				81846A4B25874ECB006EC3DE /* Assets.xcassets */,
				81846A4D25874ECB006EC3DE /* LaunchScreen.storyboard */,
				81846A5025874ECB006EC3DE /* Info.plist */,
			);
			path = SampleReddit;
			sourceTree = "<group>";
		};
		81846A5825874ECB006EC3DE /* SampleRedditTests */ = {
			isa = PBXGroup;
			children = (
				81846A9E258751AC006EC3DE /* MockNetworkClient.swift */,
				81846A9D258751AC006EC3DE /* sampleInputTest.txt */,
				81846A5925874ECB006EC3DE /* SampleRedditTests.swift */,
				81846A5B25874ECB006EC3DE /* Info.plist */,
			);
			path = SampleRedditTests;
			sourceTree = "<group>";
		};
		81846A6325874ECB006EC3DE /* SampleRedditUITests */ = {
			isa = PBXGroup;
			children = (
				81846A6425874ECB006EC3DE /* SampleRedditUITests.swift */,
				81846A6625874ECB006EC3DE /* Info.plist */,
			);
			path = SampleRedditUITests;
			sourceTree = "<group>";
		};
		81846A7525874F25006EC3DE /* Networking */ = {
			isa = PBXGroup;
			children = (
				81846A7825874F8B006EC3DE /* DataSerializer.swift */,
				81846A7925874F8B006EC3DE /* FeedRequest.swift */,
				81846A7625874F8B006EC3DE /* FeedResponse.swift */,
				81846A7725874F8B006EC3DE /* NetworkClient.swift */,
			);
			path = Networking;
			sourceTree = "<group>";
		};
		81846A8125875028006EC3DE /* Model */ = {
			isa = PBXGroup;
			children = (
				81846A8225875040006EC3DE /* FeedModel.swift */,
			);
			path = Model;
			sourceTree = "<group>";
		};
		81846A8A2587505D006EC3DE /* ViewModel */ = {
			isa = PBXGroup;
			children = (
				81846A8B2587508D006EC3DE /* TableViewModel.swift */,
			);
			path = ViewModel;
			sourceTree = "<group>";
		};
		81846A93258750B6006EC3DE /* Views */ = {
			isa = PBXGroup;
			children = (
				81846A95258750DB006EC3DE /* CustomImageView.swift */,
				81846A94258750DB006EC3DE /* TableViewCell.swift */,
				81846A96258750DB006EC3DE /* ViewExtension.swift */,
			);
			path = Views;
			sourceTree = "<group>";
		};
/* End PBXGroup section */

/* Begin PBXNativeTarget section */
		81846A3E25874EC9006EC3DE /* SampleReddit */ = {
			isa = PBXNativeTarget;
			buildConfigurationList = 81846A6925874ECB006EC3DE /* Build configuration list for PBXNativeTarget "SampleReddit" */;
			buildPhases = (
				81846A3B25874EC9006EC3DE /* Sources */,
				81846A3C25874EC9006EC3DE /* Frameworks */,
				81846A3D25874EC9006EC3DE /* Resources */,
			);
			buildRules = (
			);
			dependencies = (
			);
			name = SampleReddit;
			productName = SampleReddit;
			productReference = 81846A3F25874EC9006EC3DE /* SampleReddit.app */;
			productType = "com.apple.product-type.application";
		};
		81846A5425874ECB006EC3DE /* SampleRedditTests */ = {
			isa = PBXNativeTarget;
			buildConfigurationList = 81846A6C25874ECB006EC3DE /* Build configuration list for PBXNativeTarget "SampleRedditTests" */;
			buildPhases = (
				81846A5125874ECB006EC3DE /* Sources */,
				81846A5225874ECB006EC3DE /* Frameworks */,
				81846A5325874ECB006EC3DE /* Resources */,
			);
			buildRules = (
			);
			dependencies = (
				81846A5725874ECB006EC3DE /* PBXTargetDependency */,
			);
			name = SampleRedditTests;
			productName = SampleRedditTests;
			productReference = 81846A5525874ECB006EC3DE /* SampleRedditTests.xctest */;
			productType = "com.apple.product-type.bundle.unit-test";
		};
		81846A5F25874ECB006EC3DE /* SampleRedditUITests */ = {
			isa = PBXNativeTarget;
			buildConfigurationList = 81846A6F25874ECB006EC3DE /* Build configuration list for PBXNativeTarget "SampleRedditUITests" */;
			buildPhases = (
				81846A5C25874ECB006EC3DE /* Sources */,
				81846A5D25874ECB006EC3DE /* Frameworks */,
				81846A5E25874ECB006EC3DE /* Resources */,
			);
			buildRules = (
			);
			dependencies = (
				81846A6225874ECB006EC3DE /* PBXTargetDependency */,
			);
			name = SampleRedditUITests;
			productName = SampleRedditUITests;
			productReference = 81846A6025874ECB006EC3DE /* SampleRedditUITests.xctest */;
			productType = "com.apple.product-type.bundle.ui-testing";
		};
/* End PBXNativeTarget section */

/* Begin PBXProject section */
		81846A3725874EC9006EC3DE /* Project object */ = {
			isa = PBXProject;
			attributes = {
				LastSwiftUpdateCheck = 1220;
				LastUpgradeCheck = 1220;
				TargetAttributes = {
					81846A3E25874EC9006EC3DE = {
						CreatedOnToolsVersion = 12.2;
					};
					81846A5425874ECB006EC3DE = {
						CreatedOnToolsVersion = 12.2;
						TestTargetID = 81846A3E25874EC9006EC3DE;
					};
					81846A5F25874ECB006EC3DE = {
						CreatedOnToolsVersion = 12.2;
						TestTargetID = 81846A3E25874EC9006EC3DE;
					};
				};
			};
			buildConfigurationList = 81846A3A25874EC9006EC3DE /* Build configuration list for PBXProject "SampleReddit" */;
			compatibilityVersion = "Xcode 9.3";
			developmentRegion = en;
			hasScannedForEncodings = 0;
			knownRegions = (
				en,
				Base,
			);
			mainGroup = 81846A3625874EC9006EC3DE;
			productRefGroup = 81846A4025874EC9006EC3DE /* Products */;
			projectDirPath = "";
			projectRoot = "";
			targets = (
				81846A3E25874EC9006EC3DE /* SampleReddit */,
				81846A5425874ECB006EC3DE /* SampleRedditTests */,
				81846A5F25874ECB006EC3DE /* SampleRedditUITests */,
			);
		};
/* End PBXProject section */

/* Begin PBXResourcesBuildPhase section */
		81846A3D25874EC9006EC3DE /* Resources */ = {
			isa = PBXResourcesBuildPhase;
			buildActionMask = 2147483647;
			files = (
				81846A4F25874ECB006EC3DE /* LaunchScreen.storyboard in Resources */,
				81846A4C25874ECB006EC3DE /* Assets.xcassets in Resources */,
				81846A4A25874EC9006EC3DE /* Main.storyboard in Resources */,
			);
			runOnlyForDeploymentPostprocessing = 0;
		};
		81846A5325874ECB006EC3DE /* Resources */ = {
			isa = PBXResourcesBuildPhase;
			buildActionMask = 2147483647;
			files = (
				81846A9F258751AC006EC3DE /* sampleInputTest.txt in Resources */,
			);
			runOnlyForDeploymentPostprocessing = 0;
		};
		81846A5E25874ECB006EC3DE /* Resources */ = {
			isa = PBXResourcesBuildPhase;
			buildActionMask = 2147483647;
			files = (
			);
			runOnlyForDeploymentPostprocessing = 0;
		};
/* End PBXResourcesBuildPhase section */

/* Begin PBXSourcesBuildPhase section */
		81846A3B25874EC9006EC3DE /* Sources */ = {
			isa = PBXSourcesBuildPhase;
			buildActionMask = 2147483647;
			files = (
				81846A7A25874F8B006EC3DE /* FeedResponse.swift in Sources */,
				81846A7D25874F8B006EC3DE /* FeedRequest.swift in Sources */,
				81846A7C25874F8B006EC3DE /* DataSerializer.swift in Sources */,
				81846A7B25874F8B006EC3DE /* NetworkClient.swift in Sources */,
				81846A97258750DB006EC3DE /* TableViewCell.swift in Sources */,
				81846A99258750DB006EC3DE /* ViewExtension.swift in Sources */,
				81846A4325874EC9006EC3DE /* AppDelegate.swift in Sources */,
				81846AA825875234006EC3DE /* ViewController.swift in Sources */,
				81846A98258750DB006EC3DE /* CustomImageView.swift in Sources */,
				81846A8C2587508D006EC3DE /* TableViewModel.swift in Sources */,
				81846A4525874EC9006EC3DE /* SceneDelegate.swift in Sources */,
				81846A8325875040006EC3DE /* FeedModel.swift in Sources */,
			);
			runOnlyForDeploymentPostprocessing = 0;
		};
		81846A5125874ECB006EC3DE /* Sources */ = {
			isa = PBXSourcesBuildPhase;
			buildActionMask = 2147483647;
			files = (
				81846A5A25874ECB006EC3DE /* SampleRedditTests.swift in Sources */,
				81846AA0258751AC006EC3DE /* MockNetworkClient.swift in Sources */,
			);
			runOnlyForDeploymentPostprocessing = 0;
		};
		81846A5C25874ECB006EC3DE /* Sources */ = {
			isa = PBXSourcesBuildPhase;
			buildActionMask = 2147483647;
			files = (
				81846A6525874ECB006EC3DE /* SampleRedditUITests.swift in Sources */,
			);
			runOnlyForDeploymentPostprocessing = 0;
		};
/* End PBXSourcesBuildPhase section */

/* Begin PBXTargetDependency section */
		81846A5725874ECB006EC3DE /* PBXTargetDependency */ = {
			isa = PBXTargetDependency;
			target = 81846A3E25874EC9006EC3DE /* SampleReddit */;
			targetProxy = 81846A5625874ECB006EC3DE /* PBXContainerItemProxy */;
		};
		81846A6225874ECB006EC3DE /* PBXTargetDependency */ = {
			isa = PBXTargetDependency;
			target = 81846A3E25874EC9006EC3DE /* SampleReddit */;
			targetProxy = 81846A6125874ECB006EC3DE /* PBXContainerItemProxy */;
		};
/* End PBXTargetDependency section */

/* Begin PBXVariantGroup section */
		81846A4825874EC9006EC3DE /* Main.storyboard */ = {
			isa = PBXVariantGroup;
			children = (
				81846A4925874EC9006EC3DE /* Base */,
			);
			name = Main.storyboard;
			sourceTree = "<group>";
		};
		81846A4D25874ECB006EC3DE /* LaunchScreen.storyboard */ = {
			isa = PBXVariantGroup;
			children = (
				81846A4E25874ECB006EC3DE /* Base */,
			);
			name = LaunchScreen.storyboard;
			sourceTree = "<group>";
		};
/* End PBXVariantGroup section */

/* Begin XCBuildConfiguration section */
		81846A6725874ECB006EC3DE /* Debug */ = {
			isa = XCBuildConfiguration;
			buildSettings = {
				ALWAYS_SEARCH_USER_PATHS = NO;
				CLANG_ANALYZER_NONNULL = YES;
				CLANG_ANALYZER_NUMBER_OBJECT_CONVERSION = YES_AGGRESSIVE;
				CLANG_CXX_LANGUAGE_STANDARD = "gnu++14";
				CLANG_CXX_LIBRARY = "libc++";
				CLANG_ENABLE_MODULES = YES;
				CLANG_ENABLE_OBJC_ARC = YES;
				CLANG_ENABLE_OBJC_WEAK = YES;
				CLANG_WARN_BLOCK_CAPTURE_AUTORELEASING = YES;
				CLANG_WARN_BOOL_CONVERSION = YES;
				CLANG_WARN_COMMA = YES;
				CLANG_WARN_CONSTANT_CONVERSION = YES;
				CLANG_WARN_DEPRECATED_OBJC_IMPLEMENTATIONS = YES;
				CLANG_WARN_DIRECT_OBJC_ISA_USAGE = YES_ERROR;
				CLANG_WARN_DOCUMENTATION_COMMENTS = YES;
				CLANG_WARN_EMPTY_BODY = YES;
				CLANG_WARN_ENUM_CONVERSION = YES;
				CLANG_WARN_INFINITE_RECURSION = YES;
				CLANG_WARN_INT_CONVERSION = YES;
				CLANG_WARN_NON_LITERAL_NULL_CONVERSION = YES;
				CLANG_WARN_OBJC_IMPLICIT_RETAIN_SELF = YES;
				CLANG_WARN_OBJC_LITERAL_CONVERSION = YES;
				CLANG_WARN_OBJC_ROOT_CLASS = YES_ERROR;
				CLANG_WARN_QUOTED_INCLUDE_IN_FRAMEWORK_HEADER = YES;
				CLANG_WARN_RANGE_LOOP_ANALYSIS = YES;
				CLANG_WARN_STRICT_PROTOTYPES = YES;
				CLANG_WARN_SUSPICIOUS_MOVE = YES;
				CLANG_WARN_UNGUARDED_AVAILABILITY = YES_AGGRESSIVE;
				CLANG_WARN_UNREACHABLE_CODE = YES;
				CLANG_WARN__DUPLICATE_METHOD_MATCH = YES;
				COPY_PHASE_STRIP = NO;
				DEBUG_INFORMATION_FORMAT = dwarf;
				ENABLE_STRICT_OBJC_MSGSEND = YES;
				ENABLE_TESTABILITY = YES;
				GCC_C_LANGUAGE_STANDARD = gnu11;
				GCC_DYNAMIC_NO_PIC = NO;
				GCC_NO_COMMON_BLOCKS = YES;
				GCC_OPTIMIZATION_LEVEL = 0;
				GCC_PREPROCESSOR_DEFINITIONS = (
					"DEBUG=1",
					"$(inherited)",
				);
				GCC_WARN_64_TO_32_BIT_CONVERSION = YES;
				GCC_WARN_ABOUT_RETURN_TYPE = YES_ERROR;
				GCC_WARN_UNDECLARED_SELECTOR = YES;
				GCC_WARN_UNINITIALIZED_AUTOS = YES_AGGRESSIVE;
				GCC_WARN_UNUSED_FUNCTION = YES;
				GCC_WARN_UNUSED_VARIABLE = YES;
				IPHONEOS_DEPLOYMENT_TARGET = 14.2;
				MTL_ENABLE_DEBUG_INFO = INCLUDE_SOURCE;
				MTL_FAST_MATH = YES;
				ONLY_ACTIVE_ARCH = YES;
				SDKROOT = iphoneos;
				SWIFT_ACTIVE_COMPILATION_CONDITIONS = DEBUG;
				SWIFT_OPTIMIZATION_LEVEL = "-Onone";
			};
			name = Debug;
		};
		81846A6825874ECB006EC3DE /* Release */ = {
			isa = XCBuildConfiguration;
			buildSettings = {
				ALWAYS_SEARCH_USER_PATHS = NO;
				CLANG_ANALYZER_NONNULL = YES;
				CLANG_ANALYZER_NUMBER_OBJECT_CONVERSION = YES_AGGRESSIVE;
				CLANG_CXX_LANGUAGE_STANDARD = "gnu++14";
				CLANG_CXX_LIBRARY = "libc++";
				CLANG_ENABLE_MODULES = YES;
				CLANG_ENABLE_OBJC_ARC = YES;
				CLANG_ENABLE_OBJC_WEAK = YES;
				CLANG_WARN_BLOCK_CAPTURE_AUTORELEASING = YES;
				CLANG_WARN_BOOL_CONVERSION = YES;
				CLANG_WARN_COMMA = YES;
				CLANG_WARN_CONSTANT_CONVERSION = YES;
				CLANG_WARN_DEPRECATED_OBJC_IMPLEMENTATIONS = YES;
				CLANG_WARN_DIRECT_OBJC_ISA_USAGE = YES_ERROR;
				CLANG_WARN_DOCUMENTATION_COMMENTS = YES;
				CLANG_WARN_EMPTY_BODY = YES;
				CLANG_WARN_ENUM_CONVERSION = YES;
				CLANG_WARN_INFINITE_RECURSION = YES;
				CLANG_WARN_INT_CONVERSION = YES;
				CLANG_WARN_NON_LITERAL_NULL_CONVERSION = YES;
				CLANG_WARN_OBJC_IMPLICIT_RETAIN_SELF = YES;
				CLANG_WARN_OBJC_LITERAL_CONVERSION = YES;
				CLANG_WARN_OBJC_ROOT_CLASS = YES_ERROR;
				CLANG_WARN_QUOTED_INCLUDE_IN_FRAMEWORK_HEADER = YES;
				CLANG_WARN_RANGE_LOOP_ANALYSIS = YES;
				CLANG_WARN_STRICT_PROTOTYPES = YES;
				CLANG_WARN_SUSPICIOUS_MOVE = YES;
				CLANG_WARN_UNGUARDED_AVAILABILITY = YES_AGGRESSIVE;
				CLANG_WARN_UNREACHABLE_CODE = YES;
				CLANG_WARN__DUPLICATE_METHOD_MATCH = YES;
				COPY_PHASE_STRIP = NO;
				DEBUG_INFORMATION_FORMAT = "dwarf-with-dsym";
				ENABLE_NS_ASSERTIONS = NO;
				ENABLE_STRICT_OBJC_MSGSEND = YES;
				GCC_C_LANGUAGE_STANDARD = gnu11;
				GCC_NO_COMMON_BLOCKS = YES;
				GCC_WARN_64_TO_32_BIT_CONVERSION = YES;
				GCC_WARN_ABOUT_RETURN_TYPE = YES_ERROR;
				GCC_WARN_UNDECLARED_SELECTOR = YES;
				GCC_WARN_UNINITIALIZED_AUTOS = YES_AGGRESSIVE;
				GCC_WARN_UNUSED_FUNCTION = YES;
				GCC_WARN_UNUSED_VARIABLE = YES;
				IPHONEOS_DEPLOYMENT_TARGET = 14.2;
				MTL_ENABLE_DEBUG_INFO = NO;
				MTL_FAST_MATH = YES;
				SDKROOT = iphoneos;
				SWIFT_COMPILATION_MODE = wholemodule;
				SWIFT_OPTIMIZATION_LEVEL = "-O";
				VALIDATE_PRODUCT = YES;
			};
			name = Release;
		};
		81846A6A25874ECB006EC3DE /* Debug */ = {
			isa = XCBuildConfiguration;
			buildSettings = {
				ASSETCATALOG_COMPILER_APPICON_NAME = AppIcon;
				ASSETCATALOG_COMPILER_GLOBAL_ACCENT_COLOR_NAME = AccentColor;
				CODE_SIGN_STYLE = Automatic;
				INFOPLIST_FILE = SampleReddit/Info.plist;
				LD_RUNPATH_SEARCH_PATHS = (
					"$(inherited)",
					"@executable_path/Frameworks",
				);
				PRODUCT_BUNDLE_IDENTIFIER = com.Anuhya.SampleReddit;
				PRODUCT_NAME = "$(TARGET_NAME)";
				SWIFT_VERSION = 5.0;
				TARGETED_DEVICE_FAMILY = "1,2";
			};
			name = Debug;
		};
		81846A6B25874ECB006EC3DE /* Release */ = {
			isa = XCBuildConfiguration;
			buildSettings = {
				ASSETCATALOG_COMPILER_APPICON_NAME = AppIcon;
				ASSETCATALOG_COMPILER_GLOBAL_ACCENT_COLOR_NAME = AccentColor;
				CODE_SIGN_STYLE = Automatic;
				INFOPLIST_FILE = SampleReddit/Info.plist;
				LD_RUNPATH_SEARCH_PATHS = (
					"$(inherited)",
					"@executable_path/Frameworks",
				);
				PRODUCT_BUNDLE_IDENTIFIER = com.Anuhya.SampleReddit;
				PRODUCT_NAME = "$(TARGET_NAME)";
				SWIFT_VERSION = 5.0;
				TARGETED_DEVICE_FAMILY = "1,2";
			};
			name = Release;
		};
		81846A6D25874ECB006EC3DE /* Debug */ = {
			isa = XCBuildConfiguration;
			buildSettings = {
				ALWAYS_EMBED_SWIFT_STANDARD_LIBRARIES = YES;
				BUNDLE_LOADER = "$(TEST_HOST)";
				CODE_SIGN_STYLE = Automatic;
				INFOPLIST_FILE = SampleRedditTests/Info.plist;
				IPHONEOS_DEPLOYMENT_TARGET = 14.2;
				LD_RUNPATH_SEARCH_PATHS = (
					"$(inherited)",
					"@executable_path/Frameworks",
					"@loader_path/Frameworks",
				);
				PRODUCT_BUNDLE_IDENTIFIER = com.Anuhya.SampleRedditTests;
				PRODUCT_NAME = "$(TARGET_NAME)";
				SWIFT_VERSION = 5.0;
				TARGETED_DEVICE_FAMILY = "1,2";
				TEST_HOST = "$(BUILT_PRODUCTS_DIR)/SampleReddit.app/SampleReddit";
			};
			name = Debug;
		};
		81846A6E25874ECB006EC3DE /* Release */ = {
			isa = XCBuildConfiguration;
			buildSettings = {
				ALWAYS_EMBED_SWIFT_STANDARD_LIBRARIES = YES;
				BUNDLE_LOADER = "$(TEST_HOST)";
				CODE_SIGN_STYLE = Automatic;
				INFOPLIST_FILE = SampleRedditTests/Info.plist;
				IPHONEOS_DEPLOYMENT_TARGET = 14.2;
				LD_RUNPATH_SEARCH_PATHS = (
					"$(inherited)",
					"@executable_path/Frameworks",
					"@loader_path/Frameworks",
				);
				PRODUCT_BUNDLE_IDENTIFIER = com.Anuhya.SampleRedditTests;
				PRODUCT_NAME = "$(TARGET_NAME)";
				SWIFT_VERSION = 5.0;
				TARGETED_DEVICE_FAMILY = "1,2";
				TEST_HOST = "$(BUILT_PRODUCTS_DIR)/SampleReddit.app/SampleReddit";
			};
			name = Release;
		};
		81846A7025874ECB006EC3DE /* Debug */ = {
			isa = XCBuildConfiguration;
			buildSettings = {
				ALWAYS_EMBED_SWIFT_STANDARD_LIBRARIES = YES;
				CODE_SIGN_STYLE = Automatic;
				INFOPLIST_FILE = SampleRedditUITests/Info.plist;
				LD_RUNPATH_SEARCH_PATHS = (
					"$(inherited)",
					"@executable_path/Frameworks",
					"@loader_path/Frameworks",
				);
				PRODUCT_BUNDLE_IDENTIFIER = com.Anuhya.SampleRedditUITests;
				PRODUCT_NAME = "$(TARGET_NAME)";
				SWIFT_VERSION = 5.0;
				TARGETED_DEVICE_FAMILY = "1,2";
				TEST_TARGET_NAME = SampleReddit;
			};
			name = Debug;
		};
		81846A7125874ECB006EC3DE /* Release */ = {
			isa = XCBuildConfiguration;
			buildSettings = {
				ALWAYS_EMBED_SWIFT_STANDARD_LIBRARIES = YES;
				CODE_SIGN_STYLE = Automatic;
				INFOPLIST_FILE = SampleRedditUITests/Info.plist;
				LD_RUNPATH_SEARCH_PATHS = (
					"$(inherited)",
					"@executable_path/Frameworks",
					"@loader_path/Frameworks",
				);
				PRODUCT_BUNDLE_IDENTIFIER = com.Anuhya.SampleRedditUITests;
				PRODUCT_NAME = "$(TARGET_NAME)";
				SWIFT_VERSION = 5.0;
				TARGETED_DEVICE_FAMILY = "1,2";
				TEST_TARGET_NAME = SampleReddit;
			};
			name = Release;
		};
/* End XCBuildConfiguration section */

/* Begin XCConfigurationList section */
		81846A3A25874EC9006EC3DE /* Build configuration list for PBXProject "SampleReddit" */ = {
			isa = XCConfigurationList;
			buildConfigurations = (
				81846A6725874ECB006EC3DE /* Debug */,
				81846A6825874ECB006EC3DE /* Release */,
			);
			defaultConfigurationIsVisible = 0;
			defaultConfigurationName = Release;
		};
		81846A6925874ECB006EC3DE /* Build configuration list for PBXNativeTarget "SampleReddit" */ = {
			isa = XCConfigurationList;
			buildConfigurations = (
				81846A6A25874ECB006EC3DE /* Debug */,
				81846A6B25874ECB006EC3DE /* Release */,
			);
			defaultConfigurationIsVisible = 0;
			defaultConfigurationName = Release;
		};
		81846A6C25874ECB006EC3DE /* Build configuration list for PBXNativeTarget "SampleRedditTests" */ = {
			isa = XCConfigurationList;
			buildConfigurations = (
				81846A6D25874ECB006EC3DE /* Debug */,
				81846A6E25874ECB006EC3DE /* Release */,
			);
			defaultConfigurationIsVisible = 0;
			defaultConfigurationName = Release;
		};
		81846A6F25874ECB006EC3DE /* Build configuration list for PBXNativeTarget "SampleRedditUITests" */ = {
			isa = XCConfigurationList;
			buildConfigurations = (
				81846A7025874ECB006EC3DE /* Debug */,
				81846A7125874ECB006EC3DE /* Release */,
			);
			defaultConfigurationIsVisible = 0;
			defaultConfigurationName = Release;
		};
/* End XCConfigurationList section */
	};
	rootObject = 81846A3725874EC9006EC3DE /* Project object */;
}
